
Microsoft Visual Studio Solution File, Format Version 11.00
# Visual Studio 2010
Project("{FAE04EC0-301F-11D3-BF4B-00C04F79EFBC}") = "Assembly-CSharp", "Assembly-CSharp.csproj", "{836CD537-A182-C452-097F-8D46DC33199C}"
EndProject
Project("{FAE04EC0-301F-11D3-BF4B-00C04F79EFBC}") = "Assembly-CSharp-Editor", "Assembly-CSharp-Editor.csproj", "{C4442E4F-AFAB-914C-1018-7EC93D062751}"
EndProject
Global
	GlobalSection(SolutionConfigurationPlatforms) = preSolution
		Debug|Any CPU = Debug|Any CPU
		Release|Any CPU = Release|Any CPU
	EndGlobalSection
	GlobalSection(ProjectConfigurationPlatforms) = postSolution
		{836CD537-A182-C452-097F-8D46DC33199C}.Debug|Any CPU.ActiveCfg = Debug|Any CPU
		{836CD537-A182-C452-097F-8D46DC33199C}.Debug|Any CPU.Build.0 = Debug|Any CPU
		{836CD537-A182-C452-097F-8D46DC33199C}.Release|Any CPU.ActiveCfg = Release|Any CPU
		{836CD537-A182-C452-097F-8D46DC33199C}.Release|Any CPU.Build.0 = Release|Any CPU
		{C4442E4F-AFAB-914C-1018-7EC93D062751}.Debug|Any CPU.ActiveCfg = Debug|Any CPU
		{C4442E4F-AFAB-914C-1018-7EC93D062751}.Debug|Any CPU.Build.0 = Debug|Any CPU
		{C4442E4F-AFAB-914C-1018-7EC93D062751}.Release|Any CPU.ActiveCfg = Release|Any CPU
		{C4442E4F-AFAB-914C-1018-7EC93D062751}.Release|Any CPU.Build.0 = Release|Any CPU
	EndGlobalSection
	GlobalSection(SolutionProperties) = preSolution
		HideSolutionNode = FALSE
	EndGlobalSection
	GlobalSection(MonoDevelopProperties) = preSolution
		StartupItem = Assembly-CSharp.csproj
	EndGlobalSection
EndGlobal
